
Microsoft Visual Studio Solution File, Format Version 12.00
# Visual Studio Version 16
VisualStudioVersion = 16.0.31205.134
MinimumVisualStudioVersion = 10.0.40219.1
Project("{FAE04EC0-301F-11D3-BF4B-00C04F79EFBC}") = "CashBook.Android", "CashBook\CashBook.Android\CashBook.Android.csproj", "{8FF779FB-EDBA-4AC1-BE0E-F7E1C686E423}"
EndProject
Project("{FAE04EC0-301F-11D3-BF4B-00C04F79EFBC}") = "CashBook.iOS", "CashBook\CashBook.iOS\CashBook.iOS.csproj", "{6105AD8D-218D-45AF-A345-A00A4A3B8F39}"
EndProject
Project("{FAE04EC0-301F-11D3-BF4B-00C04F79EFBC}") = "CashBook", "CashBook\CashBook\CashBook.csproj", "{2D6EEB97-BCBE-41F9-B3D4-62DB064A0E62}"
EndProject
Global
	GlobalSection(SolutionConfigurationPlatforms) = preSolution
		Debug|Any CPU = Debug|Any CPU
		Debug|iPhone = Debug|iPhone
		Debug|iPhoneSimulator = Debug|iPhoneSimulator
		Release|Any CPU = Release|Any CPU
		Release|iPhone = Release|iPhone
		Release|iPhoneSimulator = Release|iPhoneSimulator
	EndGlobalSection
	GlobalSection(ProjectConfigurationPlatforms) = postSolution
		{8FF779FB-EDBA-4AC1-BE0E-F7E1C686E423}.Debug|Any CPU.ActiveCfg = Debug|Any CPU
		{8FF779FB-EDBA-4AC1-BE0E-F7E1C686E423}.Debug|Any CPU.Build.0 = Debug|Any CPU
		{8FF779FB-EDBA-4AC1-BE0E-F7E1C686E423}.Debug|Any CPU.Deploy.0 = Debug|Any CPU
		{8FF779FB-EDBA-4AC1-BE0E-F7E1C686E423}.Debug|iPhone.ActiveCfg = Debug|Any CPU
		{8FF779FB-EDBA-4AC1-BE0E-F7E1C686E423}.Debug|iPhone.Build.0 = Debug|Any CPU
		{8FF779FB-EDBA-4AC1-BE0E-F7E1C686E423}.Debug|iPhone.Deploy.0 = Debug|Any CPU
		{8FF779FB-EDBA-4AC1-BE0E-F7E1C686E423}.Debug|iPhoneSimulator.ActiveCfg = Debug|Any CPU
		{8FF779FB-EDBA-4AC1-BE0E-F7E1C686E423}.Debug|iPhoneSimulator.Build.0 = Debug|Any CPU
		{8FF779FB-EDBA-4AC1-BE0E-F7E1C686E423}.Debug|iPhoneSimulator.Deploy.0 = Debug|Any CPU
		{8FF779FB-EDBA-4AC1-BE0E-F7E1C686E423}.Release|Any CPU.ActiveCfg = Release|Any CPU
		{8FF779FB-EDBA-4AC1-BE0E-F7E1C686E423}.Release|Any CPU.Build.0 = Release|Any CPU
		{8FF779FB-EDBA-4AC1-BE0E-F7E1C686E423}.Release|Any CPU.Deploy.0 = Release|Any CPU
		{8FF779FB-EDBA-4AC1-BE0E-F7E1C686E423}.Release|iPhone.ActiveCfg = Release|Any CPU
		{8FF779FB-EDBA-4AC1-BE0E-F7E1C686E423}.Release|iPhone.Build.0 = Release|Any CPU
		{8FF779FB-EDBA-4AC1-BE0E-F7E1C686E423}.Release|iPhone.Deploy.0 = Release|Any CPU
		{8FF779FB-EDBA-4AC1-BE0E-F7E1C686E423}.Release|iPhoneSimulator.ActiveCfg = Release|Any CPU
		{8FF779FB-EDBA-4AC1-BE0E-F7E1C686E423}.Release|iPhoneSimulator.Build.0 = Release|Any CPU
		{8FF779FB-EDBA-4AC1-BE0E-F7E1C686E423}.Release|iPhoneSimulator.Deploy.0 = Release|Any CPU
		{6105AD8D-218D-45AF-A345-A00A4A3B8F39}.Debug|Any CPU.ActiveCfg = Debug|iPhone
		{6105AD8D-218D-45AF-A345-A00A4A3B8F39}.Debug|Any CPU.Build.0 = Debug|iPhone
		{6105AD8D-218D-45AF-A345-A00A4A3B8F39}.Debug|Any CPU.Deploy.0 = Debug|iPhone
		{6105AD8D-218D-45AF-A345-A00A4A3B8F39}.Debug|iPhone.ActiveCfg = Debug|iPhone
		{6105AD8D-218D-45AF-A345-A00A4A3B8F39}.Debug|iPhone.Build.0 = Debug|iPhone
		{6105AD8D-218D-45AF-A345-A00A4A3B8F39}.Debug|iPhone.Deploy.0 = Debug|iPhone
		{6105AD8D-218D-45AF-A345-A00A4A3B8F39}.Debug|iPhoneSimulator.ActiveCfg = Debug|iPhoneSimulator
		{6105AD8D-218D-45AF-A345-A00A4A3B8F39}.Debug|iPhoneSimulator.Build.0 = Debug|iPhoneSimulator
		{6105AD8D-218D-45AF-A345-A00A4A3B8F39}.Debug|iPhoneSimulator.Deploy.0 = Debug|iPhoneSimulator
		{6105AD8D-218D-45AF-A345-A00A4A3B8F39}.Release|Any CPU.ActiveCfg = Release|iPhoneSimulator
		{6105AD8D-218D-45AF-A345-A00A4A3B8F39}.Release|Any CPU.Build.0 = Release|iPhoneSimulator
		{6105AD8D-218D-45AF-A345-A00A4A3B8F39}.Release|Any CPU.Deploy.0 = Release|iPhoneSimulator
		{6105AD8D-218D-45AF-A345-A00A4A3B8F39}.Release|iPhone.ActiveCfg = Release|iPhone
		{6105AD8D-218D-45AF-A345-A00A4A3B8F39}.Release|iPhone.Build.0 = Release|iPhone
		{6105AD8D-218D-45AF-A345-A00A4A3B8F39}.Release|iPhone.Deploy.0 = Release|iPhone
		{6105AD8D-218D-45AF-A345-A00A4A3B8F39}.Release|iPhoneSimulator.ActiveCfg = Release|iPhoneSimulator
		{6105AD8D-218D-45AF-A345-A00A4A3B8F39}.Release|iPhoneSimulator.Build.0 = Release|iPhoneSimulator
		{6105AD8D-218D-45AF-A345-A00A4A3B8F39}.Release|iPhoneSimulator.Deploy.0 = Release|iPhoneSimulator
		{2D6EEB97-BCBE-41F9-B3D4-62DB064A0E62}.Debug|Any CPU.ActiveCfg = Debug|Any CPU
		{2D6EEB97-BCBE-41F9-B3D4-62DB064A0E62}.Debug|Any CPU.Build.0 = Debug|Any CPU
		{2D6EEB97-BCBE-41F9-B3D4-62DB064A0E62}.Debug|Any CPU.Deploy.0 = Debug|Any CPU
		{2D6EEB97-BCBE-41F9-B3D4-62DB064A0E62}.Debug|iPhone.ActiveCfg = Debug|Any CPU
		{2D6EEB97-BCBE-41F9-B3D4-62DB064A0E62}.Debug|iPhone.Build.0 = Debug|Any CPU
		{2D6EEB97-BCBE-41F9-B3D4-62DB064A0E62}.Debug|iPhone.Deploy.0 = Debug|Any CPU
		{2D6EEB97-BCBE-41F9-B3D4-62DB064A0E62}.Debug|iPhoneSimulator.ActiveCfg = Debug|Any CPU
		{2D6EEB97-BCBE-41F9-B3D4-62DB064A0E62}.Debug|iPhoneSimulator.Build.0 = Debug|Any CPU
		{2D6EEB97-BCBE-41F9-B3D4-62DB064A0E62}.Debug|iPhoneSimulator.Deploy.0 = Debug|Any CPU
		{2D6EEB97-BCBE-41F9-B3D4-62DB064A0E62}.Release|Any CPU.ActiveCfg = Release|Any CPU
		{2D6EEB97-BCBE-41F9-B3D4-62DB064A0E62}.Release|Any CPU.Build.0 = Release|Any CPU
		{2D6EEB97-BCBE-41F9-B3D4-62DB064A0E62}.Release|Any CPU.Deploy.0 = Release|Any CPU
		{2D6EEB97-BCBE-41F9-B3D4-62DB064A0E62}.Release|iPhone.ActiveCfg = Release|Any CPU
		{2D6EEB97-BCBE-41F9-B3D4-62DB064A0E62}.Release|iPhone.Build.0 = Release|Any CPU
		{2D6EEB97-BCBE-41F9-B3D4-62DB064A0E62}.Release|iPhone.Deploy.0 = Release|Any CPU
		{2D6EEB97-BCBE-41F9-B3D4-62DB064A0E62}.Release|iPhoneSimulator.ActiveCfg = Release|Any CPU
		{2D6EEB97-BCBE-41F9-B3D4-62DB064A0E62}.Release|iPhoneSimulator.Build.0 = Release|Any CPU
		{2D6EEB97-BCBE-41F9-B3D4-62DB064A0E62}.Release|iPhoneSimulator.Deploy.0 = Release|Any CPU
	EndGlobalSection
	GlobalSection(SolutionProperties) = preSolution
		HideSolutionNode = FALSE
	EndGlobalSection
	GlobalSection(ExtensibilityGlobals) = postSolution
		SolutionGuid = {1D8981A1-4199-4AAB-82E9-5F8F94FFB0CA}
	EndGlobalSection
EndGlobal
